" Generated by vim-plug
" 2021-04-13T14:51:06 EDT
" :source this file in vim to restore the snapshot
" or execute: vim -S snapshot.vim

silent! let g:plugs['Zenburn'].commit = '4ec3795d81fc83b6f43389a6291bfa99394473a8'
silent! let g:plugs['auto-pairs'].commit = '39f06b873a8449af8ff6a3eee716d3da14d63a76'
silent! let g:plugs['chadtree'].commit = '64e54cc9f39dc2084555522bec017cc35ccb8d9d'
silent! let g:plugs['coc.nvim'].commit = 'a9b682ad79cc4b7b836fc7e31f7d01ecd88d7c51'
silent! let g:plugs['fzf'].commit = '32c493e994288f63c2ceec1dbeaadc5de7399552'
silent! let g:plugs['fzf.vim'].commit = '36de5db9f0af1fb2e788f890d7f28f1f8239bd4b'
silent! let g:plugs['nerdcommenter'].commit = '7be3292b8de5127a386bf20f1198704e90cf24e9'
silent! let g:plugs['tagbar'].commit = '16f3f9b77b0440a14f1400bf3340bc41b781a1d5'
silent! let g:plugs['vim-airline'].commit = 'c7a633ce8f4547e680377efe8ea70493fcce1349'
silent! let g:plugs['vim-airline-themes'].commit = '8f1aa2c7fa44bf33b1fd4678f9c7b40c126b0e2b'
silent! let g:plugs['vim-auto-save'].commit = '8c1d5dc919030aa712ad7201074ffb60961e9dda'
silent! let g:plugs['vim-better-whitespace'].commit = '8cf4b2175dd61416c2fe7d3234324a6c59d678de'
silent! let g:plugs['vim-css-color'].commit = '8dd7f1bf25acee493a5114e627ea90a9850c5fa8'
silent! let g:plugs['vim-devicons'].commit = '0d0bd57246b3285caec4737dc0f1c6b17ebb2787'
silent! let g:plugs['vim-easy-align'].commit = '12dd6316974f71ce333e360c0260b4e1f81169c3'
silent! let g:plugs['vim-easymotion'].commit = 'd75d9591e415652b25d9e0a3669355550325263d'
silent! let g:plugs['vim-indent-guides'].commit = '54d889a63716ee2f1818aa2ec5082db47147147b'
silent! let g:plugs['vim-peekaboo'].commit = 'cc4469c204099c73dd7534531fa8ba271f704831'
silent! let g:plugs['vim-repeat'].commit = 'c947ad2b6a16983724a0153bdf7f66d7a80a32ca'
silent! let g:plugs['vim-signify'].commit = '26e8c8d9cf27838cd13b45cb54118d74af34087d'
silent! let g:plugs['vim-slash'].commit = '31aee09b7ea8893a18fa34f65e63e364fc998444'
silent! let g:plugs['vim-surround'].commit = 'f51a26d3710629d031806305b6c8727189cd1935'
silent! let g:plugs['vim-tmux-navigator'].commit = '6a1e58c3ca3bc7acca36c90521b3dfae83b2a602'
silent! let g:plugs['vim-toml'].commit = '3c5face8e8944a217af45bc5bb708ff7dfcf1a54'

PlugUpdate!

