" Generated by vim-plug
" 2020-06-24T14:22:00 EDT
" :source this file in vim to restore the snapshot
" or execute: vim -S snapshot.vim

silent! let g:plugs['Zenburn'].commit = 'ec6f369'
silent! let g:plugs['auto-pairs'].commit = '39f06b8'
silent! let g:plugs['coc.nvim'].commit = 'c5f78fdc'
silent! let g:plugs['fzf'].commit = '4ec144c'
silent! let g:plugs['fzf.vim'].commit = '2bf85d2'
silent! let g:plugs['minibufexpl.vim'].commit = 'ad72976'
silent! let g:plugs['nerdcommenter'].commit = 'fade3d4'
silent! let g:plugs['nerdtree'].commit = '6571452'
silent! let g:plugs['nerdtree-git-plugin'].commit = 'f522a09'
silent! let g:plugs['tagbar'].commit = '56399f4'
silent! let g:plugs['vim-airline'].commit = '8be6a2e'
silent! let g:plugs['vim-airline-themes'].commit = '2d68cf9'
silent! let g:plugs['vim-auto-save'].commit = '8c1d5dc'
silent! let g:plugs['vim-better-whitespace'].commit = '8cf4b21'
silent! let g:plugs['vim-devicons'].commit = 'c08e526'
silent! let g:plugs['vim-easy-align'].commit = '12dd631'
silent! let g:plugs['vim-easymotion'].commit = 'dd7b4b5'
silent! let g:plugs['vim-indent-guides'].commit = '54d889a'
silent! let g:plugs['vim-nerdtree-syntax-highlight'].commit = 'c838988'
silent! let g:plugs['vim-peekaboo'].commit = 'cc4469c'
silent! let g:plugs['vim-repeat'].commit = 'c947ad2'
silent! let g:plugs['vim-signify'].commit = 'c3d450e'
silent! let g:plugs['vim-slash'].commit = '31aee09'
silent! let g:plugs['vim-surround'].commit = 'f51a26d'
silent! let g:plugs['vim-tmux-navigator'].commit = '44ba6fb'

PlugUpdate!

