" Generated by vim-plug
" 2020-09-19T13:10:35 EDT
" :source this file in vim to restore the snapshot
" or execute: vim -S snapshot.vim

silent! let g:plugs['Zenburn'].commit = '4ec3795d81fc83b6f43389a6291bfa99394473a8'
silent! let g:plugs['auto-pairs'].commit = '39f06b873a8449af8ff6a3eee716d3da14d63a76'
silent! let g:plugs['coc.nvim'].commit = 'a856ad3f1e39322d4b4aa386b7614797dc58bf35'
silent! let g:plugs['fzf'].commit = 'c60ed1758315f0d993fbcbf04459944c87e19a48'
silent! let g:plugs['fzf.vim'].commit = '3348aef05d02828cd8b071ab29476af2029ea3d3'
silent! let g:plugs['minibufexpl.vim'].commit = 'ad72976ca3df4585d49aa296799f14f3b34cf953'
silent! let g:plugs['nerdcommenter'].commit = 'fade3d4b26f5a0d58f256a06ba7b0a04d9fb4f3b'
silent! let g:plugs['nerdtree'].commit = '577ddc73f0a1d2fd6166ed3268ab8536111037e0'
silent! let g:plugs['nerdtree-git-plugin'].commit = 'a8c031f11dd312f53357729ca47ad493e798aa86'
silent! let g:plugs['tagbar'].commit = '30fb229937d640889448de9c4f8b71b19946c67b'
silent! let g:plugs['vim-airline'].commit = '3740312de0be5200286260816e2563e77c0be0c5'
silent! let g:plugs['vim-airline-themes'].commit = '155bce6665ab8c83447102e8402cc9d3b7c3b3f3'
silent! let g:plugs['vim-auto-save'].commit = '8c1d5dc919030aa712ad7201074ffb60961e9dda'
silent! let g:plugs['vim-better-whitespace'].commit = '8cf4b2175dd61416c2fe7d3234324a6c59d678de'
silent! let g:plugs['vim-devicons'].commit = '7d1c3aeb3b26c7fb7bcd7cb2bee67beb3e538db3'
silent! let g:plugs['vim-easy-align'].commit = '12dd6316974f71ce333e360c0260b4e1f81169c3'
silent! let g:plugs['vim-easymotion'].commit = 'dd7b4b526775bc8553e16bc402020573b04a948c'
silent! let g:plugs['vim-indent-guides'].commit = '54d889a63716ee2f1818aa2ec5082db47147147b'
silent! let g:plugs['vim-nerdtree-syntax-highlight'].commit = '1acc12aa7f773ede38538293332905f1ba3fea6a'
silent! let g:plugs['vim-peekaboo'].commit = 'cc4469c204099c73dd7534531fa8ba271f704831'
silent! let g:plugs['vim-repeat'].commit = 'c947ad2b6a16983724a0153bdf7f66d7a80a32ca'
silent! let g:plugs['vim-signify'].commit = '98c693f7a1a91b73d9232d868765b4d20af892fe'
silent! let g:plugs['vim-slash'].commit = '31aee09b7ea8893a18fa34f65e63e364fc998444'
silent! let g:plugs['vim-surround'].commit = 'f51a26d3710629d031806305b6c8727189cd1935'
silent! let g:plugs['vim-tmux-navigator'].commit = '2fd76aa930e34838335c1aa125b88e7ea671e6c0'

PlugUpdate!

